
Microsoft Visual Studio Solution File, Format Version 12.00
# Visual Studio 15
VisualStudioVersion = 15.0.28307.329
MinimumVisualStudioVersion = 10.0.40219.1
Project("{8BC9CEB8-8B4A-11D0-8D11-00A0C91BC942}") = "OS_report_design", "OS_report_design\OS_report_design.vcxproj", "{EC70C589-23B2-45DB-9BC9-8F90510FB11D}"
EndProject
Global
	GlobalSection(SolutionConfigurationPlatforms) = preSolution
		Debug|x64 = Debug|x64
		Release|x64 = Release|x64
	EndGlobalSection
	GlobalSection(ProjectConfigurationPlatforms) = postSolution
		{EC70C589-23B2-45DB-9BC9-8F90510FB11D}.Debug|x64.ActiveCfg = Debug|x64
		{EC70C589-23B2-45DB-9BC9-8F90510FB11D}.Debug|x64.Build.0 = Debug|x64
		{EC70C589-23B2-45DB-9BC9-8F90510FB11D}.Release|x64.ActiveCfg = Release|x64
		{EC70C589-23B2-45DB-9BC9-8F90510FB11D}.Release|x64.Build.0 = Release|x64
	EndGlobalSection
	GlobalSection(SolutionProperties) = preSolution
		HideSolutionNode = FALSE
	EndGlobalSection
	GlobalSection(ExtensibilityGlobals) = postSolution
		SolutionGuid = {C5ED16E4-C37D-44F6-B8E9-B734F816971A}
	EndGlobalSection
EndGlobal
